
Microsoft Visual Studio Solution File, Format Version 12.00
# Visual Studio Version 17
VisualStudioVersion = 17.0.31521.260
MinimumVisualStudioVersion = 10.0.40219.1
Project("{FAE04EC0-301F-11D3-BF4B-00C04F79EFBC}") = "ejemplo13-T2", "ejemplo13-T2\ejemplo13-T2.csproj", "{E575A255-0D69-49F5-8144-EF2B8F4B6101}"
EndProject
Global
	GlobalSection(SolutionConfigurationPlatforms) = preSolution
		Debug|Any CPU = Debug|Any CPU
		Release|Any CPU = Release|Any CPU
	EndGlobalSection
	GlobalSection(ProjectConfigurationPlatforms) = postSolution
		{E575A255-0D69-49F5-8144-EF2B8F4B6101}.Debug|Any CPU.ActiveCfg = Debug|Any CPU
		{E575A255-0D69-49F5-8144-EF2B8F4B6101}.Debug|Any CPU.Build.0 = Debug|Any CPU
		{E575A255-0D69-49F5-8144-EF2B8F4B6101}.Release|Any CPU.ActiveCfg = Release|Any CPU
		{E575A255-0D69-49F5-8144-EF2B8F4B6101}.Release|Any CPU.Build.0 = Release|Any CPU
	EndGlobalSection
	GlobalSection(SolutionProperties) = preSolution
		HideSolutionNode = FALSE
	EndGlobalSection
	GlobalSection(ExtensibilityGlobals) = postSolution
		SolutionGuid = {B9B97F60-194F-4C28-9E0C-E9907360D0B3}
	EndGlobalSection
EndGlobal
