
Microsoft Visual Studio Solution File, Format Version 12.00
# Visual Studio Version 17
VisualStudioVersion = 17.0.31521.260
MinimumVisualStudioVersion = 10.0.40219.1
Project("{FAE04EC0-301F-11D3-BF4B-00C04F79EFBC}") = "ejemplo11-T2", "ejemplo11-T2\ejemplo11-T2.csproj", "{B7EC22CC-15FC-48D5-AA32-B41500937F06}"
EndProject
Global
	GlobalSection(SolutionConfigurationPlatforms) = preSolution
		Debug|Any CPU = Debug|Any CPU
		Release|Any CPU = Release|Any CPU
	EndGlobalSection
	GlobalSection(ProjectConfigurationPlatforms) = postSolution
		{B7EC22CC-15FC-48D5-AA32-B41500937F06}.Debug|Any CPU.ActiveCfg = Debug|Any CPU
		{B7EC22CC-15FC-48D5-AA32-B41500937F06}.Debug|Any CPU.Build.0 = Debug|Any CPU
		{B7EC22CC-15FC-48D5-AA32-B41500937F06}.Release|Any CPU.ActiveCfg = Release|Any CPU
		{B7EC22CC-15FC-48D5-AA32-B41500937F06}.Release|Any CPU.Build.0 = Release|Any CPU
	EndGlobalSection
	GlobalSection(SolutionProperties) = preSolution
		HideSolutionNode = FALSE
	EndGlobalSection
	GlobalSection(ExtensibilityGlobals) = postSolution
		SolutionGuid = {A8ED5A07-CACB-4B0D-9B6B-9815877512DB}
	EndGlobalSection
EndGlobal
