
Microsoft Visual Studio Solution File, Format Version 12.00
# Visual Studio Version 17
VisualStudioVersion = 17.0.31521.260
MinimumVisualStudioVersion = 10.0.40219.1
Project("{FAE04EC0-301F-11D3-BF4B-00C04F79EFBC}") = "ejemplo10-T2", "ejemplo10-T2\ejemplo10-T2.csproj", "{044B791B-33FF-4E0C-8DA4-97C198232FB7}"
EndProject
Global
	GlobalSection(SolutionConfigurationPlatforms) = preSolution
		Debug|Any CPU = Debug|Any CPU
		Release|Any CPU = Release|Any CPU
	EndGlobalSection
	GlobalSection(ProjectConfigurationPlatforms) = postSolution
		{044B791B-33FF-4E0C-8DA4-97C198232FB7}.Debug|Any CPU.ActiveCfg = Debug|Any CPU
		{044B791B-33FF-4E0C-8DA4-97C198232FB7}.Debug|Any CPU.Build.0 = Debug|Any CPU
		{044B791B-33FF-4E0C-8DA4-97C198232FB7}.Release|Any CPU.ActiveCfg = Release|Any CPU
		{044B791B-33FF-4E0C-8DA4-97C198232FB7}.Release|Any CPU.Build.0 = Release|Any CPU
	EndGlobalSection
	GlobalSection(SolutionProperties) = preSolution
		HideSolutionNode = FALSE
	EndGlobalSection
	GlobalSection(ExtensibilityGlobals) = postSolution
		SolutionGuid = {14D2757C-EE5F-49EA-B095-1939C997687F}
	EndGlobalSection
EndGlobal
