
Microsoft Visual Studio Solution File, Format Version 12.00
# Visual Studio Version 17
VisualStudioVersion = 17.0.31521.260
MinimumVisualStudioVersion = 10.0.40219.1
Project("{FAE04EC0-301F-11D3-BF4B-00C04F79EFBC}") = "ejemplo12-T2", "ejemplo12-T2\ejemplo12-T2.csproj", "{4B8DE70F-ADEF-43DD-9CBF-355F57D2054F}"
EndProject
Global
	GlobalSection(SolutionConfigurationPlatforms) = preSolution
		Debug|Any CPU = Debug|Any CPU
		Release|Any CPU = Release|Any CPU
	EndGlobalSection
	GlobalSection(ProjectConfigurationPlatforms) = postSolution
		{4B8DE70F-ADEF-43DD-9CBF-355F57D2054F}.Debug|Any CPU.ActiveCfg = Debug|Any CPU
		{4B8DE70F-ADEF-43DD-9CBF-355F57D2054F}.Debug|Any CPU.Build.0 = Debug|Any CPU
		{4B8DE70F-ADEF-43DD-9CBF-355F57D2054F}.Release|Any CPU.ActiveCfg = Release|Any CPU
		{4B8DE70F-ADEF-43DD-9CBF-355F57D2054F}.Release|Any CPU.Build.0 = Release|Any CPU
	EndGlobalSection
	GlobalSection(SolutionProperties) = preSolution
		HideSolutionNode = FALSE
	EndGlobalSection
	GlobalSection(ExtensibilityGlobals) = postSolution
		SolutionGuid = {C981C170-B3F5-4CC1-8979-84DC97DB8D45}
	EndGlobalSection
EndGlobal
